
Microsoft Visual Studio Solution File, Format Version 11.00
# Visual Studio 2010
Project("{FAE04EC0-301F-11D3-BF4B-00C04F79EFBC}") = "Prattle", "Prattle.csproj", "{A8897B6C-01C5-472A-9A1E-56609FCF9250}"
EndProject
Global
	GlobalSection(SolutionConfigurationPlatforms) = preSolution
		Debug|Any CPU = Debug|Any CPU
		Release|Any CPU = Release|Any CPU
	EndGlobalSection
	GlobalSection(ProjectConfigurationPlatforms) = postSolution
		{A8897B6C-01C5-472A-9A1E-56609FCF9250}.Debug|Any CPU.ActiveCfg = Debug|Any CPU
		{A8897B6C-01C5-472A-9A1E-56609FCF9250}.Debug|Any CPU.Build.0 = Debug|Any CPU
		{A8897B6C-01C5-472A-9A1E-56609FCF9250}.Release|Any CPU.ActiveCfg = Release|Any CPU
		{A8897B6C-01C5-472A-9A1E-56609FCF9250}.Release|Any CPU.Build.0 = Release|Any CPU
	EndGlobalSection
	GlobalSection(MonoDevelopProperties) = preSolution
		StartupItem = Prattle.csproj
	EndGlobalSection
EndGlobal
